
Microsoft Visual Studio Solution File, Format Version 12.00
# Visual Studio 15
VisualStudioVersion = 15.0.28010.2046
MinimumVisualStudioVersion = 10.0.40219.1
Project("{FAE04EC0-301F-11D3-BF4B-00C04F79EFBC}") = "рюкзак", "рюкзак\рюкзак.csproj", "{83CBA808-0390-42B8-ACCF-4500F2DF24CB}"
EndProject
Global
	GlobalSection(SolutionConfigurationPlatforms) = preSolution
		Debug|Any CPU = Debug|Any CPU
		Release|Any CPU = Release|Any CPU
	EndGlobalSection
	GlobalSection(ProjectConfigurationPlatforms) = postSolution
		{83CBA808-0390-42B8-ACCF-4500F2DF24CB}.Debug|Any CPU.ActiveCfg = Debug|Any CPU
		{83CBA808-0390-42B8-ACCF-4500F2DF24CB}.Debug|Any CPU.Build.0 = Debug|Any CPU
		{83CBA808-0390-42B8-ACCF-4500F2DF24CB}.Release|Any CPU.ActiveCfg = Release|Any CPU
		{83CBA808-0390-42B8-ACCF-4500F2DF24CB}.Release|Any CPU.Build.0 = Release|Any CPU
	EndGlobalSection
	GlobalSection(SolutionProperties) = preSolution
		HideSolutionNode = FALSE
	EndGlobalSection
	GlobalSection(ExtensibilityGlobals) = postSolution
		SolutionGuid = {4BD45B5B-275A-47F7-BA1D-5865FFEF7CDB}
	EndGlobalSection
EndGlobal
