
Microsoft Visual Studio Solution File, Format Version 12.00
# Visual Studio 15
VisualStudioVersion = 15.0.28010.2046
MinimumVisualStudioVersion = 10.0.40219.1
Project("{FAE04EC0-301F-11D3-BF4B-00C04F79EFBC}") = "Небольшое число Фибоначчи", "Небольшое число Фибоначчи\Небольшое число Фибоначчи.csproj", "{A5990FE5-B597-49EE-B7A6-34C0E6A6A393}"
EndProject
Global
	GlobalSection(SolutionConfigurationPlatforms) = preSolution
		Debug|Any CPU = Debug|Any CPU
		Release|Any CPU = Release|Any CPU
	EndGlobalSection
	GlobalSection(ProjectConfigurationPlatforms) = postSolution
		{A5990FE5-B597-49EE-B7A6-34C0E6A6A393}.Debug|Any CPU.ActiveCfg = Debug|Any CPU
		{A5990FE5-B597-49EE-B7A6-34C0E6A6A393}.Debug|Any CPU.Build.0 = Debug|Any CPU
		{A5990FE5-B597-49EE-B7A6-34C0E6A6A393}.Release|Any CPU.ActiveCfg = Release|Any CPU
		{A5990FE5-B597-49EE-B7A6-34C0E6A6A393}.Release|Any CPU.Build.0 = Release|Any CPU
	EndGlobalSection
	GlobalSection(SolutionProperties) = preSolution
		HideSolutionNode = FALSE
	EndGlobalSection
	GlobalSection(ExtensibilityGlobals) = postSolution
		SolutionGuid = {90DE68F9-872F-47D9-B4D2-3B478DF350CC}
	EndGlobalSection
EndGlobal
